// !$*UTF8*$!
{
	archiveVersion = 1;
	classes = {
	};
	objectVersion = 56;
	objects = {

/* Begin PBXBuildFile section */
		B8840CAC2CF9417F00FF938D /* Astronaut.swift in Sources */ = {isa = PBXBuildFile; fileRef = B8840CAB2CF9417F00FF938D /* Astronaut.swift */; };
		B8840CAE2CF941C200FF938D /* Mission.swift in Sources */ = {isa = PBXBuildFile; fileRef = B8840CAD2CF941C200FF938D /* Mission.swift */; };
		B8AAF79C2D0159890000218E /* AstronautView.swift in Sources */ = {isa = PBXBuildFile; fileRef = B8AAF79B2D0159890000218E /* AstronautView.swift */; };
		B8C9E2442D03504F009F7ECF /* PathStore.swift in Sources */ = {isa = PBXBuildFile; fileRef = B8C9E2432D03504F009F7ECF /* PathStore.swift */; };
		B8CEAC112C2D0AB4008EA67A /* MoonshotApp.swift in Sources */ = {isa = PBXBuildFile; fileRef = B8CEAC102C2D0AB4008EA67A /* MoonshotApp.swift */; };
		B8CEAC132C2D0AB4008EA67A /* ContentView.swift in Sources */ = {isa = PBXBuildFile; fileRef = B8CEAC122C2D0AB4008EA67A /* ContentView.swift */; };
		B8CEAC152C2D0AB5008EA67A /* Assets.xcassets in Resources */ = {isa = PBXBuildFile; fileRef = B8CEAC142C2D0AB5008EA67A /* Assets.xcassets */; };
		B8CEAC182C2D0AB5008EA67A /* Preview Assets.xcassets in Resources */ = {isa = PBXBuildFile; fileRef = B8CEAC172C2D0AB5008EA67A /* Preview Assets.xcassets */; };
		B8D30B832CFB8CA00060556D /* Color-Theme.swift in Sources */ = {isa = PBXBuildFile; fileRef = B8D30B822CFB8CA00060556D /* Color-Theme.swift */; };
		B8D30B852CFBA1A90060556D /* MissionView.swift in Sources */ = {isa = PBXBuildFile; fileRef = B8D30B842CFBA1A90060556D /* MissionView.swift */; };
		B8D41DBF2CF8FBD800255B79 /* astronauts.json in Resources */ = {isa = PBXBuildFile; fileRef = B8D41DBD2CF8FBD800255B79 /* astronauts.json */; };
		B8D41DC02CF8FBD800255B79 /* missions.json in Resources */ = {isa = PBXBuildFile; fileRef = B8D41DBE2CF8FBD800255B79 /* missions.json */; };
		B8D41DC22CF8FC2A00255B79 /* Bundle-Decodeable.swift in Sources */ = {isa = PBXBuildFile; fileRef = B8D41DC12CF8FC2A00255B79 /* Bundle-Decodeable.swift */; };
/* End PBXBuildFile section */

/* Begin PBXFileReference section */
		B8840CAB2CF9417F00FF938D /* Astronaut.swift */ = {isa = PBXFileReference; lastKnownFileType = sourcecode.swift; path = Astronaut.swift; sourceTree = "<group>"; };
		B8840CAD2CF941C200FF938D /* Mission.swift */ = {isa = PBXFileReference; lastKnownFileType = sourcecode.swift; path = Mission.swift; sourceTree = "<group>"; };
		B8AAF79B2D0159890000218E /* AstronautView.swift */ = {isa = PBXFileReference; lastKnownFileType = sourcecode.swift; path = AstronautView.swift; sourceTree = "<group>"; };
		B8C9E2432D03504F009F7ECF /* PathStore.swift */ = {isa = PBXFileReference; lastKnownFileType = sourcecode.swift; path = PathStore.swift; sourceTree = "<group>"; };
		B8CEAC0D2C2D0AB4008EA67A /* Moonshot.app */ = {isa = PBXFileReference; explicitFileType = wrapper.application; includeInIndex = 0; path = Moonshot.app; sourceTree = BUILT_PRODUCTS_DIR; };
		B8CEAC102C2D0AB4008EA67A /* MoonshotApp.swift */ = {isa = PBXFileReference; lastKnownFileType = sourcecode.swift; path = MoonshotApp.swift; sourceTree = "<group>"; };
		B8CEAC122C2D0AB4008EA67A /* ContentView.swift */ = {isa = PBXFileReference; lastKnownFileType = sourcecode.swift; path = ContentView.swift; sourceTree = "<group>"; };
		B8CEAC142C2D0AB5008EA67A /* Assets.xcassets */ = {isa = PBXFileReference; lastKnownFileType = folder.assetcatalog; path = Assets.xcassets; sourceTree = "<group>"; };
		B8CEAC172C2D0AB5008EA67A /* Preview Assets.xcassets */ = {isa = PBXFileReference; lastKnownFileType = folder.assetcatalog; path = "Preview Assets.xcassets"; sourceTree = "<group>"; };
		B8D30B822CFB8CA00060556D /* Color-Theme.swift */ = {isa = PBXFileReference; lastKnownFileType = sourcecode.swift; path = "Color-Theme.swift"; sourceTree = "<group>"; };
		B8D30B842CFBA1A90060556D /* MissionView.swift */ = {isa = PBXFileReference; lastKnownFileType = sourcecode.swift; path = MissionView.swift; sourceTree = "<group>"; };
		B8D41DBD2CF8FBD800255B79 /* astronauts.json */ = {isa = PBXFileReference; lastKnownFileType = text.json; path = astronauts.json; sourceTree = "<group>"; };
		B8D41DBE2CF8FBD800255B79 /* missions.json */ = {isa = PBXFileReference; lastKnownFileType = text.json; path = missions.json; sourceTree = "<group>"; };
		B8D41DC12CF8FC2A00255B79 /* Bundle-Decodeable.swift */ = {isa = PBXFileReference; lastKnownFileType = sourcecode.swift; path = "Bundle-Decodeable.swift"; sourceTree = "<group>"; };
/* End PBXFileReference section */

/* Begin PBXFrameworksBuildPhase section */
		B8CEAC0A2C2D0AB4008EA67A /* Frameworks */ = {
			isa = PBXFrameworksBuildPhase;
			buildActionMask = 2147483647;
			files = (
			);
			runOnlyForDeploymentPostprocessing = 0;
		};
/* End PBXFrameworksBuildPhase section */

/* Begin PBXGroup section */
		B8CEAC042C2D0AB4008EA67A = {
			isa = PBXGroup;
			children = (
				B8CEAC0F2C2D0AB4008EA67A /* Moonshot */,
				B8CEAC0E2C2D0AB4008EA67A /* Products */,
			);
			sourceTree = "<group>";
		};
		B8CEAC0E2C2D0AB4008EA67A /* Products */ = {
			isa = PBXGroup;
			children = (
				B8CEAC0D2C2D0AB4008EA67A /* Moonshot.app */,
			);
			name = Products;
			sourceTree = "<group>";
		};
		B8CEAC0F2C2D0AB4008EA67A /* Moonshot */ = {
			isa = PBXGroup;
			children = (
				B8CEAC102C2D0AB4008EA67A /* MoonshotApp.swift */,
				B8CEAC122C2D0AB4008EA67A /* ContentView.swift */,
				B8D30B842CFBA1A90060556D /* MissionView.swift */,
				B8AAF79B2D0159890000218E /* AstronautView.swift */,
				B8D30B822CFB8CA00060556D /* Color-Theme.swift */,
				B8840CAB2CF9417F00FF938D /* Astronaut.swift */,
				B8840CAD2CF941C200FF938D /* Mission.swift */,
				B8CEAC142C2D0AB5008EA67A /* Assets.xcassets */,
				B8D41DC12CF8FC2A00255B79 /* Bundle-Decodeable.swift */,
				B8CEAC162C2D0AB5008EA67A /* Preview Content */,
				B8D41DBD2CF8FBD800255B79 /* astronauts.json */,
				B8D41DBE2CF8FBD800255B79 /* missions.json */,
				B8C9E2432D03504F009F7ECF /* PathStore.swift */,
			);
			path = Moonshot;
			sourceTree = "<group>";
		};
		B8CEAC162C2D0AB5008EA67A /* Preview Content */ = {
			isa = PBXGroup;
			children = (
				B8CEAC172C2D0AB5008EA67A /* Preview Assets.xcassets */,
			);
			path = "Preview Content";
			sourceTree = "<group>";
		};
/* End PBXGroup section */

/* Begin PBXNativeTarget section */
		B8CEAC0C2C2D0AB4008EA67A /* Moonshot */ = {
			isa = PBXNativeTarget;
			buildConfigurationList = B8CEAC1B2C2D0AB5008EA67A /* Build configuration list for PBXNativeTarget "Moonshot" */;
			buildPhases = (
				B8CEAC092C2D0AB4008EA67A /* Sources */,
				B8CEAC0A2C2D0AB4008EA67A /* Frameworks */,
				B8CEAC0B2C2D0AB4008EA67A /* Resources */,
			);
			buildRules = (
			);
			dependencies = (
			);
			name = Moonshot;
			productName = Moonshot;
			productReference = B8CEAC0D2C2D0AB4008EA67A /* Moonshot.app */;
			productType = "com.apple.product-type.application";
		};
/* End PBXNativeTarget section */

/* Begin PBXProject section */
		B8CEAC052C2D0AB4008EA67A /* Project object */ = {
			isa = PBXProject;
			attributes = {
				BuildIndependentTargetsInParallel = 1;
				LastSwiftUpdateCheck = 1540;
				LastUpgradeCheck = 1540;
				TargetAttributes = {
					B8CEAC0C2C2D0AB4008EA67A = {
						CreatedOnToolsVersion = 15.4;
					};
				};
			};
			buildConfigurationList = B8CEAC082C2D0AB4008EA67A /* Build configuration list for PBXProject "Moonshot" */;
			compatibilityVersion = "Xcode 14.0";
			developmentRegion = en;
			hasScannedForEncodings = 0;
			knownRegions = (
				en,
				Base,
			);
			mainGroup = B8CEAC042C2D0AB4008EA67A;
			productRefGroup = B8CEAC0E2C2D0AB4008EA67A /* Products */;
			projectDirPath = "";
			projectRoot = "";
			targets = (
				B8CEAC0C2C2D0AB4008EA67A /* Moonshot */,
			);
		};
/* End PBXProject section */

/* Begin PBXResourcesBuildPhase section */
		B8CEAC0B2C2D0AB4008EA67A /* Resources */ = {
			isa = PBXResourcesBuildPhase;
			buildActionMask = 2147483647;
			files = (
				B8D41DBF2CF8FBD800255B79 /* astronauts.json in Resources */,
				B8D41DC02CF8FBD800255B79 /* missions.json in Resources */,
				B8CEAC182C2D0AB5008EA67A /* Preview Assets.xcassets in Resources */,
				B8CEAC152C2D0AB5008EA67A /* Assets.xcassets in Resources */,
			);
			runOnlyForDeploymentPostprocessing = 0;
		};
/* End PBXResourcesBuildPhase section */

/* Begin PBXSourcesBuildPhase section */
		B8CEAC092C2D0AB4008EA67A /* Sources */ = {
			isa = PBXSourcesBuildPhase;
			buildActionMask = 2147483647;
			files = (
				B8C9E2442D03504F009F7ECF /* PathStore.swift in Sources */,
				B8D41DC22CF8FC2A00255B79 /* Bundle-Decodeable.swift in Sources */,
				B8D30B832CFB8CA00060556D /* Color-Theme.swift in Sources */,
				B8AAF79C2D0159890000218E /* AstronautView.swift in Sources */,
				B8D30B852CFBA1A90060556D /* MissionView.swift in Sources */,
				B8CEAC132C2D0AB4008EA67A /* ContentView.swift in Sources */,
				B8CEAC112C2D0AB4008EA67A /* MoonshotApp.swift in Sources */,
				B8840CAE2CF941C200FF938D /* Mission.swift in Sources */,
				B8840CAC2CF9417F00FF938D /* Astronaut.swift in Sources */,
			);
			runOnlyForDeploymentPostprocessing = 0;
		};
/* End PBXSourcesBuildPhase section */

/* Begin XCBuildConfiguration section */
		B8CEAC192C2D0AB5008EA67A /* Debug */ = {
			isa = XCBuildConfiguration;
			buildSettings = {
				ALWAYS_SEARCH_USER_PATHS = NO;
				ASSETCATALOG_COMPILER_GENERATE_SWIFT_ASSET_SYMBOL_EXTENSIONS = YES;
				CLANG_ANALYZER_NONNULL = YES;
				CLANG_ANALYZER_NUMBER_OBJECT_CONVERSION = YES_AGGRESSIVE;
				CLANG_CXX_LANGUAGE_STANDARD = "gnu++20";
				CLANG_ENABLE_MODULES = YES;
				CLANG_ENABLE_OBJC_ARC = YES;
				CLANG_ENABLE_OBJC_WEAK = YES;
				CLANG_WARN_BLOCK_CAPTURE_AUTORELEASING = YES;
				CLANG_WARN_BOOL_CONVERSION = YES;
				CLANG_WARN_COMMA = YES;
				CLANG_WARN_CONSTANT_CONVERSION = YES;
				CLANG_WARN_DEPRECATED_OBJC_IMPLEMENTATIONS = YES;
				CLANG_WARN_DIRECT_OBJC_ISA_USAGE = YES_ERROR;
				CLANG_WARN_DOCUMENTATION_COMMENTS = YES;
				CLANG_WARN_EMPTY_BODY = YES;
				CLANG_WARN_ENUM_CONVERSION = YES;
				CLANG_WARN_INFINITE_RECURSION = YES;
				CLANG_WARN_INT_CONVERSION = YES;
				CLANG_WARN_NON_LITERAL_NULL_CONVERSION = YES;
				CLANG_WARN_OBJC_IMPLICIT_RETAIN_SELF = YES;
				CLANG_WARN_OBJC_LITERAL_CONVERSION = YES;
				CLANG_WARN_OBJC_ROOT_CLASS = YES_ERROR;
				CLANG_WARN_QUOTED_INCLUDE_IN_FRAMEWORK_HEADER = YES;
				CLANG_WARN_RANGE_LOOP_ANALYSIS = YES;
				CLANG_WARN_STRICT_PROTOTYPES = YES;
				CLANG_WARN_SUSPICIOUS_MOVE = YES;
				CLANG_WARN_UNGUARDED_AVAILABILITY = YES_AGGRESSIVE;
				CLANG_WARN_UNREACHABLE_CODE = YES;
				CLANG_WARN__DUPLICATE_METHOD_MATCH = YES;
				COPY_PHASE_STRIP = NO;
				DEBUG_INFORMATION_FORMAT = dwarf;
				ENABLE_STRICT_OBJC_MSGSEND = YES;
				ENABLE_TESTABILITY = YES;
				ENABLE_USER_SCRIPT_SANDBOXING = YES;
				GCC_C_LANGUAGE_STANDARD = gnu17;
				GCC_DYNAMIC_NO_PIC = NO;
				GCC_NO_COMMON_BLOCKS = YES;
				GCC_OPTIMIZATION_LEVEL = 0;
				GCC_PREPROCESSOR_DEFINITIONS = (
					"DEBUG=1",
					"$(inherited)",
				);
				GCC_WARN_64_TO_32_BIT_CONVERSION = YES;
				GCC_WARN_ABOUT_RETURN_TYPE = YES_ERROR;
				GCC_WARN_UNDECLARED_SELECTOR = YES;
				GCC_WARN_UNINITIALIZED_AUTOS = YES_AGGRESSIVE;
				GCC_WARN_UNUSED_FUNCTION = YES;
				GCC_WARN_UNUSED_VARIABLE = YES;
				IPHONEOS_DEPLOYMENT_TARGET = 17.5;
				LOCALIZATION_PREFERS_STRING_CATALOGS = YES;
				MTL_ENABLE_DEBUG_INFO = INCLUDE_SOURCE;
				MTL_FAST_MATH = YES;
				ONLY_ACTIVE_ARCH = YES;
				SDKROOT = iphoneos;
				SWIFT_ACTIVE_COMPILATION_CONDITIONS = "DEBUG $(inherited)";
				SWIFT_OPTIMIZATION_LEVEL = "-Onone";
			};
			name = Debug;
		};
		B8CEAC1A2C2D0AB5008EA67A /* Release */ = {
			isa = XCBuildConfiguration;
			buildSettings = {
				ALWAYS_SEARCH_USER_PATHS = NO;
				ASSETCATALOG_COMPILER_GENERATE_SWIFT_ASSET_SYMBOL_EXTENSIONS = YES;
				CLANG_ANALYZER_NONNULL = YES;
				CLANG_ANALYZER_NUMBER_OBJECT_CONVERSION = YES_AGGRESSIVE;
				CLANG_CXX_LANGUAGE_STANDARD = "gnu++20";
				CLANG_ENABLE_MODULES = YES;
				CLANG_ENABLE_OBJC_ARC = YES;
				CLANG_ENABLE_OBJC_WEAK = YES;
				CLANG_WARN_BLOCK_CAPTURE_AUTORELEASING = YES;
				CLANG_WARN_BOOL_CONVERSION = YES;
				CLANG_WARN_COMMA = YES;
				CLANG_WARN_CONSTANT_CONVERSION = YES;
				CLANG_WARN_DEPRECATED_OBJC_IMPLEMENTATIONS = YES;
				CLANG_WARN_DIRECT_OBJC_ISA_USAGE = YES_ERROR;
				CLANG_WARN_DOCUMENTATION_COMMENTS = YES;
				CLANG_WARN_EMPTY_BODY = YES;
				CLANG_WARN_ENUM_CONVERSION = YES;
				CLANG_WARN_INFINITE_RECURSION = YES;
				CLANG_WARN_INT_CONVERSION = YES;
				CLANG_WARN_NON_LITERAL_NULL_CONVERSION = YES;
				CLANG_WARN_OBJC_IMPLICIT_RETAIN_SELF = YES;
				CLANG_WARN_OBJC_LITERAL_CONVERSION = YES;
				CLANG_WARN_OBJC_ROOT_CLASS = YES_ERROR;
				CLANG_WARN_QUOTED_INCLUDE_IN_FRAMEWORK_HEADER = YES;
				CLANG_WARN_RANGE_LOOP_ANALYSIS = YES;
				CLANG_WARN_STRICT_PROTOTYPES = YES;
				CLANG_WARN_SUSPICIOUS_MOVE = YES;
				CLANG_WARN_UNGUARDED_AVAILABILITY = YES_AGGRESSIVE;
				CLANG_WARN_UNREACHABLE_CODE = YES;
				CLANG_WARN__DUPLICATE_METHOD_MATCH = YES;
				COPY_PHASE_STRIP = NO;
				DEBUG_INFORMATION_FORMAT = "dwarf-with-dsym";
				ENABLE_NS_ASSERTIONS = NO;
				ENABLE_STRICT_OBJC_MSGSEND = YES;
				ENABLE_USER_SCRIPT_SANDBOXING = YES;
				GCC_C_LANGUAGE_STANDARD = gnu17;
				GCC_NO_COMMON_BLOCKS = YES;
				GCC_WARN_64_TO_32_BIT_CONVERSION = YES;
				GCC_WARN_ABOUT_RETURN_TYPE = YES_ERROR;
				GCC_WARN_UNDECLARED_SELECTOR = YES;
				GCC_WARN_UNINITIALIZED_AUTOS = YES_AGGRESSIVE;
				GCC_WARN_UNUSED_FUNCTION = YES;
				GCC_WARN_UNUSED_VARIABLE = YES;
				IPHONEOS_DEPLOYMENT_TARGET = 17.5;
				LOCALIZATION_PREFERS_STRING_CATALOGS = YES;
				MTL_ENABLE_DEBUG_INFO = NO;
				MTL_FAST_MATH = YES;
				SDKROOT = iphoneos;
				SWIFT_COMPILATION_MODE = wholemodule;
				VALIDATE_PRODUCT = YES;
			};
			name = Release;
		};
		B8CEAC1C2C2D0AB5008EA67A /* Debug */ = {
			isa = XCBuildConfiguration;
			buildSettings = {
				ASSETCATALOG_COMPILER_APPICON_NAME = AppIcon;
				ASSETCATALOG_COMPILER_GLOBAL_ACCENT_COLOR_NAME = AccentColor;
				CODE_SIGN_STYLE = Automatic;
				CURRENT_PROJECT_VERSION = 1;
				DEVELOPMENT_ASSET_PATHS = "\"Moonshot/Preview Content\"";
				DEVELOPMENT_TEAM = 9CGU88JW7M;
				ENABLE_PREVIEWS = YES;
				GENERATE_INFOPLIST_FILE = YES;
				INFOPLIST_KEY_UIApplicationSceneManifest_Generation = YES;
				INFOPLIST_KEY_UIApplicationSupportsIndirectInputEvents = YES;
				INFOPLIST_KEY_UILaunchScreen_Generation = YES;
				INFOPLIST_KEY_UISupportedInterfaceOrientations_iPad = "UIInterfaceOrientationPortrait UIInterfaceOrientationPortraitUpsideDown UIInterfaceOrientationLandscapeLeft UIInterfaceOrientationLandscapeRight";
				INFOPLIST_KEY_UISupportedInterfaceOrientations_iPhone = "UIInterfaceOrientationPortrait UIInterfaceOrientationLandscapeLeft UIInterfaceOrientationLandscapeRight";
				LD_RUNPATH_SEARCH_PATHS = (
					"$(inherited)",
					"@executable_path/Frameworks",
				);
				MARKETING_VERSION = 1.0;
				PRODUCT_BUNDLE_IDENTIFIER = com.mogiteam.Moonshot;
				PRODUCT_NAME = "$(TARGET_NAME)";
				SWIFT_EMIT_LOC_STRINGS = YES;
				SWIFT_VERSION = 6.0;
				TARGETED_DEVICE_FAMILY = "1,2";
			};
			name = Debug;
		};
		B8CEAC1D2C2D0AB5008EA67A /* Release */ = {
			isa = XCBuildConfiguration;
			buildSettings = {
				ASSETCATALOG_COMPILER_APPICON_NAME = AppIcon;
				ASSETCATALOG_COMPILER_GLOBAL_ACCENT_COLOR_NAME = AccentColor;
				CODE_SIGN_STYLE = Automatic;
				CURRENT_PROJECT_VERSION = 1;
				DEVELOPMENT_ASSET_PATHS = "\"Moonshot/Preview Content\"";
				DEVELOPMENT_TEAM = 9CGU88JW7M;
				ENABLE_PREVIEWS = YES;
				GENERATE_INFOPLIST_FILE = YES;
				INFOPLIST_KEY_UIApplicationSceneManifest_Generation = YES;
				INFOPLIST_KEY_UIApplicationSupportsIndirectInputEvents = YES;
				INFOPLIST_KEY_UILaunchScreen_Generation = YES;
				INFOPLIST_KEY_UISupportedInterfaceOrientations_iPad = "UIInterfaceOrientationPortrait UIInterfaceOrientationPortraitUpsideDown UIInterfaceOrientationLandscapeLeft UIInterfaceOrientationLandscapeRight";
				INFOPLIST_KEY_UISupportedInterfaceOrientations_iPhone = "UIInterfaceOrientationPortrait UIInterfaceOrientationLandscapeLeft UIInterfaceOrientationLandscapeRight";
				LD_RUNPATH_SEARCH_PATHS = (
					"$(inherited)",
					"@executable_path/Frameworks",
				);
				MARKETING_VERSION = 1.0;
				PRODUCT_BUNDLE_IDENTIFIER = com.mogiteam.Moonshot;
				PRODUCT_NAME = "$(TARGET_NAME)";
				SWIFT_EMIT_LOC_STRINGS = YES;
				SWIFT_VERSION = 6.0;
				TARGETED_DEVICE_FAMILY = "1,2";
			};
			name = Release;
		};
/* End XCBuildConfiguration section */

/* Begin XCConfigurationList section */
		B8CEAC082C2D0AB4008EA67A /* Build configuration list for PBXProject "Moonshot" */ = {
			isa = XCConfigurationList;
			buildConfigurations = (
				B8CEAC192C2D0AB5008EA67A /* Debug */,
				B8CEAC1A2C2D0AB5008EA67A /* Release */,
			);
			defaultConfigurationIsVisible = 0;
			defaultConfigurationName = Release;
		};
		B8CEAC1B2C2D0AB5008EA67A /* Build configuration list for PBXNativeTarget "Moonshot" */ = {
			isa = XCConfigurationList;
			buildConfigurations = (
				B8CEAC1C2C2D0AB5008EA67A /* Debug */,
				B8CEAC1D2C2D0AB5008EA67A /* Release */,
			);
			defaultConfigurationIsVisible = 0;
			defaultConfigurationName = Release;
		};
/* End XCConfigurationList section */
	};
	rootObject = B8CEAC052C2D0AB4008EA67A /* Project object */;
}
